
Microsoft Visual Studio Solution File, Format Version 12.00
# Visual Studio 14
VisualStudioVersion = 14.0.25420.1
MinimumVisualStudioVersion = 10.0.40219.1
Project("{FAE04EC0-301F-11D3-BF4B-00C04F79EFBC}") = "FundApply", "FundApply\FundApply.csproj", "{F8B4C9EF-E7E5-4628-B12E-81341C84F002}"
EndProject
Project("{FAE04EC0-301F-11D3-BF4B-00C04F79EFBC}") = "FundApply.DAL", "FundApply.DAL\FundApply.DAL.csproj", "{09429A0A-2279-4C7D-A7A0-8DA3CA7B82FF}"
EndProject
Project("{FAE04EC0-301F-11D3-BF4B-00C04F79EFBC}") = "FundApply.BLL", "FundApply.BLL\FundApply.BLL.csproj", "{D0A33A07-7F45-4A31-9852-14C145704460}"
EndProject
Project("{FAE04EC0-301F-11D3-BF4B-00C04F79EFBC}") = "FundApply.Model", "FundApply.Model\FundApply.Model.csproj", "{281551AC-A011-4673-B343-C91771C12269}"
EndProject
Global
	GlobalSection(SolutionConfigurationPlatforms) = preSolution
		Debug|Any CPU = Debug|Any CPU
		Release|Any CPU = Release|Any CPU
	EndGlobalSection
	GlobalSection(ProjectConfigurationPlatforms) = postSolution
		{F8B4C9EF-E7E5-4628-B12E-81341C84F002}.Debug|Any CPU.ActiveCfg = Debug|Any CPU
		{F8B4C9EF-E7E5-4628-B12E-81341C84F002}.Debug|Any CPU.Build.0 = Debug|Any CPU
		{F8B4C9EF-E7E5-4628-B12E-81341C84F002}.Release|Any CPU.ActiveCfg = Release|Any CPU
		{F8B4C9EF-E7E5-4628-B12E-81341C84F002}.Release|Any CPU.Build.0 = Release|Any CPU
		{09429A0A-2279-4C7D-A7A0-8DA3CA7B82FF}.Debug|Any CPU.ActiveCfg = Debug|Any CPU
		{09429A0A-2279-4C7D-A7A0-8DA3CA7B82FF}.Debug|Any CPU.Build.0 = Debug|Any CPU
		{09429A0A-2279-4C7D-A7A0-8DA3CA7B82FF}.Release|Any CPU.ActiveCfg = Release|Any CPU
		{09429A0A-2279-4C7D-A7A0-8DA3CA7B82FF}.Release|Any CPU.Build.0 = Release|Any CPU
		{D0A33A07-7F45-4A31-9852-14C145704460}.Debug|Any CPU.ActiveCfg = Debug|Any CPU
		{D0A33A07-7F45-4A31-9852-14C145704460}.Debug|Any CPU.Build.0 = Debug|Any CPU
		{D0A33A07-7F45-4A31-9852-14C145704460}.Release|Any CPU.ActiveCfg = Release|Any CPU
		{D0A33A07-7F45-4A31-9852-14C145704460}.Release|Any CPU.Build.0 = Release|Any CPU
		{281551AC-A011-4673-B343-C91771C12269}.Debug|Any CPU.ActiveCfg = Debug|Any CPU
		{281551AC-A011-4673-B343-C91771C12269}.Debug|Any CPU.Build.0 = Debug|Any CPU
		{281551AC-A011-4673-B343-C91771C12269}.Release|Any CPU.ActiveCfg = Release|Any CPU
		{281551AC-A011-4673-B343-C91771C12269}.Release|Any CPU.Build.0 = Release|Any CPU
	EndGlobalSection
	GlobalSection(SolutionProperties) = preSolution
		HideSolutionNode = FALSE
	EndGlobalSection
EndGlobal
